# @generated by Move, please check-in and do not edit manually.

[move]
version = 2
manifest_digest = "4F1F968D44B85C7AB8564A6F236A905115EDB863130CA58EF9894C5C49C67B13"
deps_digest = "F8BBB0CCB2491CA29A3DF03D6F92277A4F3574266507ACD77214D37ECA3F3082"
dependencies = [
  { name = "Sui" },
]

[[move.package]]
name = "MoveStdlib"
source = { git = "https://github.com/MystenLabs/sui.git", rev = "framework/testnet", subdir = "crates/sui-framework/packages/move-stdlib" }

[[move.package]]
name = "Sui"
source = { git = "https://github.com/MystenLabs/sui.git", rev = "framework/testnet", subdir = "crates/sui-framework/packages/sui-framework" }

dependencies = [
  { name = "MoveStdlib" },
]

[move.toolchain-version]
compiler-version = "1.31.1"
edition = "2024.beta"
flavor = "sui"

[env]

[env.testnet]
chain-id = "4c78adac"
original-published-id = "0x7170c20cdb5b84082f313fb8ed90520c3f8aa94888062302fae7e4b25829802b"
latest-published-id = "0x7170c20cdb5b84082f313fb8ed90520c3f8aa94888062302fae7e4b25829802b"
published-version = "1"
